{
  "version": 4,
  "terraform_version": "1.12.6",
  "serial": 1,
  "lineage": "6f95ad46-b9f0-e64d-4262-0e6adb015864",
  "outputs": {},
  "resources": [
    {
      "mode": "managed",
      "type": "libvirt_cloudinit_disk",
      "name": "commoninit",
      "provider": "provider[\"registry.opentofu.org/dmacvicar/libvirt\"]",
      "instances": [
        {
          "index_key": "PERCDBTEST01",
          "schema_version": 0,
          "attributes": {
            "id": "8d9b8b89d40bba22",
            "meta_data": "\"instance-id\": \"PERCDBTEST01\"\n\"local-hostname\": \"PERCDBTEST01\"\n",
            "name": "PERCDBTEST01-cloudinit",
            "network_config": "version: 2\nethernets:\n  ens3:\n    dhcp4: false\n    addresses:\n      - 10.20.10.10/255.255.255.0\n",
            "path": "/tmp/terraform-provider-libvirt-cloudinit/cloudinit-8d9b8b89d40bba22.iso",
            "size": 45056,
            "user_data": "#cloud-config\n\nhostname: PERCDBTEST01\nmanage_etc_hosts: true\n\nusers:\n  - default\n  - name: myuser\n    groups:\n      - sudo\n    sudo: ALL=(ALL) NOPASSWD:ALL\n    shell: /bin/bash\n    ssh_authorized_keys:\n      - ssh-ed25519 AAAAC3NzaC1lZDI1NTE5AAAAIEgInN0JnG0h1EtCcT/1cC+8mpQw6d1dpVku/f4pPP1K gesora@odin\n\nssh_pwauth: false\n"
          },
          "sensitive_attributes": []
        },
        {
          "index_key": "PERCDBTEST02",
          "schema_version": 0,
          "attributes": {
            "id": "db84f6a954d04054",
            "meta_data": "\"instance-id\": \"PERCDBTEST02\"\n\"local-hostname\": \"PERCDBTEST02\"\n",
            "name": "PERCDBTEST02-cloudinit",
            "network_config": "version: 2\nethernets:\n  ens3:\n    dhcp4: false\n    addresses:\n      - 10.20.10.11/255.255.255.0\n",
            "path": "/tmp/terraform-provider-libvirt-cloudinit/cloudinit-db84f6a954d04054.iso",
            "size": 45056,
            "user_data": "#cloud-config\n\nhostname: PERCDBTEST02\nmanage_etc_hosts: true\n\nusers:\n  - default\n  - name: myuser\n    groups:\n      - sudo\n    sudo: ALL=(ALL) NOPASSWD:ALL\n    shell: /bin/bash\n    ssh_authorized_keys:\n      - ssh-ed25519 AAAAC3NzaC1lZDI1NTE5AAAAIEgInN0JnG0h1EtCcT/1cC+8mpQw6d1dpVku/f4pPP1K gesora@odin\n\nssh_pwauth: false\n"
          },
          "sensitive_attributes": []
        },
        {
          "index_key": "PERCDBTEST03",
          "schema_version": 0,
          "attributes": {
            "id": "28414878ca983db9",
            "meta_data": "\"instance-id\": \"PERCDBTEST03\"\n\"local-hostname\": \"PERCDBTEST03\"\n",
            "name": "PERCDBTEST03-cloudinit",
            "network_config": "version: 2\nethernets:\n  ens3:\n    dhcp4: false\n    addresses:\n      - 10.20.10.12/255.255.255.0\n",
            "path": "/tmp/terraform-provider-libvirt-cloudinit/cloudinit-28414878ca983db9.iso",
            "size": 45056,
            "user_data": "#cloud-config\n\nhostname: PERCDBTEST03\nmanage_etc_hosts: true\n\nusers:\n  - default\n  - name: myuser\n    groups:\n      - sudo\n    sudo: ALL=(ALL) NOPASSWD:ALL\n    shell: /bin/bash\n    ssh_authorized_keys:\n      - ssh-ed25519 AAAAC3NzaC1lZDI1NTE5AAAAIEgInN0JnG0h1EtCcT/1cC+8mpQw6d1dpVku/f4pPP1K gesora@odin\n\nssh_pwauth: false\n"
          },
          "sensitive_attributes": []
        }
      ]
    }
  ],
  "check_results": null
}

