{"version":4,"terraform_version":"1.12.6","serial":139,"lineage":"6f95ad46-b9f0-e64d-4262-0e6adb015864","outputs":{},"resources":[{"mode":"managed","type":"libvirt_cloudinit_disk","name":"commoninit","provider":"provider[\"registry.opentofu.org/dmacvicar/libvirt\"]","instances":[{"index_key":"PERCDBTEST01","schema_version":0,"attributes":{"id":"f312cd39dff800c7","meta_data":"\"instance-id\": \"PERCDBTEST01\"\n\"local-hostname\": \"PERCDBTEST01\"\n","name":"PERCDBTEST01-cloudinit","network_config":"\"ethernets\":\n  \"eth0\":\n    \"addresses\":\n    - \"10.20.10.10/24\"\n    \"dhcp4\": false\n\"version\": 2\n","path":"/tmp/terraform-provider-libvirt-cloudinit/cloudinit-f312cd39dff800c7.iso","size":45056,"user_data":"#cloud-config\n\"chpasswd\":\n  \"expire\": false\n  \"users\":\n  - \"name\": \"almalinux\"\n    \"password\": \"$6$cdKSYHRPG9CRk1Av$n9qWcCSh9FG6GY72TW8nTd5n0rWQlr3WK7bFWdv72A5di/JkjocWRb1iOZNbJoxm5MWTuO5fl.FGyMwGtQh9N0\"\n    \"type\": \"hash\"\n\"disable_root\": true\n\"hostname\": \"PERCDBTEST01\"\n\"manage_etc_hosts\": true\n\"preserve_hostname\": false\n\"ssh_pwauth\": true\n\"users\":\n- \"groups\":\n  - \"wheel\"\n  \"lock_passwd\": false\n  \"name\": \"almalinux\"\n  \"shell\": \"/bin/bash\"\n  \"sudo\":\n  - \"ALL=(ALL) NOPASSWD:ALL\"\n"},"sensitive_attributes":[[{"type":"get_attr","value":"user_data"}]]},{"index_key":"PERCDBTEST02","schema_version":0,"attributes":{"id":"20e862b666d9cf8e","meta_data":"\"instance-id\": \"PERCDBTEST02\"\n\"local-hostname\": \"PERCDBTEST02\"\n","name":"PERCDBTEST02-cloudinit","network_config":"\"ethernets\":\n  \"eth0\":\n    \"addresses\":\n    - \"10.20.10.11/24\"\n    \"dhcp4\": false\n\"version\": 2\n","path":"/tmp/terraform-provider-libvirt-cloudinit/cloudinit-20e862b666d9cf8e.iso","size":45056,"user_data":"#cloud-config\n\"chpasswd\":\n  \"expire\": false\n  \"users\":\n  - \"name\": \"almalinux\"\n    \"password\": \"$6$cdKSYHRPG9CRk1Av$n9qWcCSh9FG6GY72TW8nTd5n0rWQlr3WK7bFWdv72A5di/JkjocWRb1iOZNbJoxm5MWTuO5fl.FGyMwGtQh9N0\"\n    \"type\": \"hash\"\n\"disable_root\": true\n\"hostname\": \"PERCDBTEST02\"\n\"manage_etc_hosts\": true\n\"preserve_hostname\": false\n\"ssh_pwauth\": true\n\"users\":\n- \"groups\":\n  - \"wheel\"\n  \"lock_passwd\": false\n  \"name\": \"almalinux\"\n  \"shell\": \"/bin/bash\"\n  \"sudo\":\n  - \"ALL=(ALL) NOPASSWD:ALL\"\n"},"sensitive_attributes":[[{"type":"get_attr","value":"user_data"}]]},{"index_key":"PERCDBTEST03","schema_version":0,"attributes":{"id":"ba0580e273b19ce6","meta_data":"\"instance-id\": \"PERCDBTEST03\"\n\"local-hostname\": \"PERCDBTEST03\"\n","name":"PERCDBTEST03-cloudinit","network_config":"\"ethernets\":\n  \"eth0\":\n    \"addresses\":\n    - \"10.20.10.12/24\"\n    \"dhcp4\": false\n\"version\": 2\n","path":"/tmp/terraform-provider-libvirt-cloudinit/cloudinit-ba0580e273b19ce6.iso","size":45056,"user_data":"#cloud-config\n\"chpasswd\":\n  \"expire\": false\n  \"users\":\n  - \"name\": \"almalinux\"\n    \"password\": \"$6$cdKSYHRPG9CRk1Av$n9qWcCSh9FG6GY72TW8nTd5n0rWQlr3WK7bFWdv72A5di/JkjocWRb1iOZNbJoxm5MWTuO5fl.FGyMwGtQh9N0\"\n    \"type\": \"hash\"\n\"disable_root\": true\n\"hostname\": \"PERCDBTEST03\"\n\"manage_etc_hosts\": true\n\"preserve_hostname\": false\n\"ssh_pwauth\": true\n\"users\":\n- \"groups\":\n  - \"wheel\"\n  \"lock_passwd\": false\n  \"name\": \"almalinux\"\n  \"shell\": \"/bin/bash\"\n  \"sudo\":\n  - \"ALL=(ALL) NOPASSWD:ALL\"\n"},"sensitive_attributes":[[{"type":"get_attr","value":"user_data"}]]}]},{"mode":"managed","type":"libvirt_domain","name":"example","provider":"provider[\"registry.opentofu.org/dmacvicar/libvirt\"]","instances":[{"index_key":"PERCDBTEST01","schema_version":0,"attributes":{"autostart":false,"bhyve_commandline":null,"block_io_tune":null,"bootloader":null,"bootloader_args":null,"clock":null,"cpu":{"cache":null,"check":null,"deprecated_features":null,"features":null,"match":null,"max_phys_addr":null,"migratable":null,"mode":"host-passthrough","model":null,"model_fallback":null,"model_vendor_id":null,"numa":null,"topology":null,"vendor":null},"cpu_tune":null,"create":null,"current_memory":null,"current_memory_unit":null,"default_io_thread":null,"description":null,"destroy":null,"devices":{"audios":null,"channels":null,"consoles":null,"controllers":null,"crypto":null,"disks":[{"acpi":null,"address":null,"alias":null,"auth":null,"backend_domain":null,"backing_store":null,"block_io":null,"boot":{"load_parm":null,"order":1},"device":"disk","driver":{"ats":null,"cache":null,"copy_on_read":null,"detect_zeros":null,"discard":null,"discard_no_unref":null,"error_policy":null,"event_idx":null,"io":null,"io_event_fd":null,"io_thread":null,"io_threads":null,"iommu":null,"metadata_cache":null,"name":"qemu","packed":null,"page_per_vq":null,"queue_size":null,"queues":null,"rerror_policy":null,"statistics":null,"type":"qcow2"},"encryption":null,"geometry":null,"io_tune":null,"mirror":null,"model":null,"product":null,"raw_io":null,"read_only":null,"serial":null,"sgio":null,"shareable":null,"snapshot":null,"source":{"block":null,"cookies":null,"ctl":null,"data_store":null,"dir":null,"encryption":null,"file":null,"index":null,"network":null,"nvme":null,"readahead":null,"reservations":null,"slices":null,"ssl":null,"startup_policy":null,"timeout":null,"vhost_user":null,"vhost_vdpa":null,"volume":{"mode":null,"pool":"Virtual_Machines","sec_label":null,"volume":"PERCDBTEST01-disk.qcow2"}},"target":{"bus":"virtio","dev":"vda","dpofua":null,"removable":null,"rotation_rate":null,"tray":null},"throttle_filters":null,"transient":null,"vendor":null,"wwn":null},{"acpi":null,"address":null,"alias":null,"auth":null,"backend_domain":null,"backing_store":null,"block_io":null,"boot":null,"device":"cdrom","driver":null,"encryption":null,"geometry":null,"io_tune":null,"mirror":null,"model":null,"product":null,"raw_io":null,"read_only":null,"serial":null,"sgio":null,"shareable":null,"snapshot":null,"source":{"block":null,"cookies":null,"ctl":null,"data_store":null,"dir":null,"encryption":null,"file":null,"index":null,"network":null,"nvme":null,"readahead":null,"reservations":null,"slices":null,"ssl":null,"startup_policy":null,"timeout":null,"vhost_user":null,"vhost_vdpa":null,"volume":{"mode":null,"pool":"Virtual_Machines","sec_label":null,"volume":"PERCDBTEST01-cloudinit.iso"}},"target":{"bus":"sata","dev":"sda","dpofua":null,"removable":null,"rotation_rate":null,"tray":null},"throttle_filters":null,"transient":null,"vendor":null,"wwn":null}],"emulator":null,"filesystems":null,"graphics":[{"audio":null,"dbus":null,"desktop":null,"egl_headless":null,"rdp":null,"sdl":null,"spice":null,"vnc":{"auto_port":null,"connected":null,"keymap":null,"listen":"127.0.0.1","listeners":null,"passwd":null,"passwd_valid_to":null,"port":null,"power_control":null,"share_policy":null,"socket":null,"wait":null,"web_socket":null}}],"hostdevs":null,"hubs":null,"inputs":null,"interfaces":[{"acpi":null,"address":null,"alias":null,"backend":null,"backend_domain":null,"bandwidth":null,"boot":null,"coalesce":null,"down_script":null,"driver":null,"filter_ref":null,"guest":null,"ip":null,"link":null,"mac":null,"managed":null,"model":{"type":"virtio"},"mtu":null,"port_forward":null,"port_options":null,"rom":null,"route":null,"script":null,"source":{"bridge":null,"client":null,"direct":null,"ethernet":null,"hostdev":null,"internal":null,"mcast":null,"network":{"bridge":null,"network":"LAN","port_group":null,"port_id":null},"null":null,"server":null,"udp":null,"user":null,"vdpa":null,"vds":null,"vhost_user":null},"target":null,"teaming":null,"trust_guest_rx_filters":null,"tune":null,"virtual_port":null,"vlan":null,"wait_for_ip":null}],"iomm_us":null,"iommu":null,"leases":null,"mem_balloon":null,"memorydevs":null,"nvram":null,"panics":null,"parallels":null,"pstore":null,"redir_devs":null,"redir_filters":null,"rngs":null,"serials":null,"shmems":null,"smartcards":null,"sounds":null,"tpms":null,"videos":[{"acpi":null,"address":null,"alias":null,"driver":null,"model":{"accel":null,"blob":null,"device":null,"edid":null,"heads":1,"primary":"yes","ram":null,"resolution":null,"type":"virtio","vga_mem":null,"vram":null,"vram64":null}}],"vsock":null,"watchdogs":null},"features":{"acpi":true,"aia":null,"apic":null,"async_teardown":null,"capabilities":null,"ccf_assist":null,"cfpc":null,"gic":null,"hap":null,"hpt":null,"htm":null,"hyper_v":null,"ibs":null,"ioapic":null,"kvm":null,"msrs":null,"nested_hv":null,"pae":null,"pmu":null,"priv_net":null,"ps2":null,"pv_spinlock":null,"ras":null,"sbbc":null,"smm":null,"tcg":null,"viridian":null,"virtualization":null,"vm_core_info":null,"vm_port":null,"xen":null},"gen_id":null,"hwuuid":null,"id":95,"id_map":null,"io_thread_i_ds":null,"io_threads":null,"iommufd":null,"key_wrap":null,"launch_security":null,"lxc_namespace":null,"maximum_memory":null,"maximum_memory_slots":null,"maximum_memory_unit":null,"memory":2048,"memory_backing":null,"memory_dump_core":null,"memory_tune":null,"memory_unit":"MiB","metadata":null,"name":"PERCDBTEST01","numa_tune":null,"on_crash":null,"on_poweroff":null,"on_reboot":null,"os":{"acpi":null,"bios":null,"boot_devices":null,"boot_menu":null,"cmdline":null,"dtb":null,"firmware":null,"firmware_info":null,"init":null,"init_args":null,"init_dir":null,"init_env":null,"init_group":null,"init_user":null,"initrd":null,"kernel":null,"loader":null,"loader_format":null,"loader_readonly":null,"loader_secure":null,"loader_stateless":null,"loader_type":null,"nv_ram":null,"shim":null,"sm_bios":null,"type":"hvm","type_arch":"x86_64","type_machine":"q35","var_store":null},"perf":null,"pm":null,"qemu_capabilities":null,"qemu_commandline":null,"qemu_deprecation":null,"qemu_override":null,"resource":null,"running":true,"sec_label":null,"sys_info":null,"throttle_groups":null,"title":null,"type":"kvm","update":null,"uuid":"166e3dc9-e8ff-4166-b1c2-296304eaf41b","vcpu":2,"vcpu_cpuset":null,"vcpu_current":null,"vcpu_placement":null,"vcpus":null,"vmware_data_center_path":null,"xen_commandline":null},"sensitive_attributes":[],"dependencies":["libvirt_cloudinit_disk.commoninit","libvirt_volume.cloudinit_iso","libvirt_volume.vm_disk"]},{"index_key":"PERCDBTEST02","schema_version":0,"attributes":{"autostart":false,"bhyve_commandline":null,"block_io_tune":null,"bootloader":null,"bootloader_args":null,"clock":null,"cpu":{"cache":null,"check":null,"deprecated_features":null,"features":null,"match":null,"max_phys_addr":null,"migratable":null,"mode":"host-passthrough","model":null,"model_fallback":null,"model_vendor_id":null,"numa":null,"topology":null,"vendor":null},"cpu_tune":null,"create":null,"current_memory":null,"current_memory_unit":null,"default_io_thread":null,"description":null,"destroy":null,"devices":{"audios":null,"channels":null,"consoles":null,"controllers":null,"crypto":null,"disks":[{"acpi":null,"address":null,"alias":null,"auth":null,"backend_domain":null,"backing_store":null,"block_io":null,"boot":{"load_parm":null,"order":1},"device":"disk","driver":{"ats":null,"cache":null,"copy_on_read":null,"detect_zeros":null,"discard":null,"discard_no_unref":null,"error_policy":null,"event_idx":null,"io":null,"io_event_fd":null,"io_thread":null,"io_threads":null,"iommu":null,"metadata_cache":null,"name":"qemu","packed":null,"page_per_vq":null,"queue_size":null,"queues":null,"rerror_policy":null,"statistics":null,"type":"qcow2"},"encryption":null,"geometry":null,"io_tune":null,"mirror":null,"model":null,"product":null,"raw_io":null,"read_only":null,"serial":null,"sgio":null,"shareable":null,"snapshot":null,"source":{"block":null,"cookies":null,"ctl":null,"data_store":null,"dir":null,"encryption":null,"file":null,"index":null,"network":null,"nvme":null,"readahead":null,"reservations":null,"slices":null,"ssl":null,"startup_policy":null,"timeout":null,"vhost_user":null,"vhost_vdpa":null,"volume":{"mode":null,"pool":"Virtual_Machines","sec_label":null,"volume":"PERCDBTEST02-disk.qcow2"}},"target":{"bus":"virtio","dev":"vda","dpofua":null,"removable":null,"rotation_rate":null,"tray":null},"throttle_filters":null,"transient":null,"vendor":null,"wwn":null},{"acpi":null,"address":null,"alias":null,"auth":null,"backend_domain":null,"backing_store":null,"block_io":null,"boot":null,"device":"cdrom","driver":null,"encryption":null,"geometry":null,"io_tune":null,"mirror":null,"model":null,"product":null,"raw_io":null,"read_only":null,"serial":null,"sgio":null,"shareable":null,"snapshot":null,"source":{"block":null,"cookies":null,"ctl":null,"data_store":null,"dir":null,"encryption":null,"file":null,"index":null,"network":null,"nvme":null,"readahead":null,"reservations":null,"slices":null,"ssl":null,"startup_policy":null,"timeout":null,"vhost_user":null,"vhost_vdpa":null,"volume":{"mode":null,"pool":"Virtual_Machines","sec_label":null,"volume":"PERCDBTEST02-cloudinit.iso"}},"target":{"bus":"sata","dev":"sda","dpofua":null,"removable":null,"rotation_rate":null,"tray":null},"throttle_filters":null,"transient":null,"vendor":null,"wwn":null}],"emulator":null,"filesystems":null,"graphics":[{"audio":null,"dbus":null,"desktop":null,"egl_headless":null,"rdp":null,"sdl":null,"spice":null,"vnc":{"auto_port":null,"connected":null,"keymap":null,"listen":"127.0.0.1","listeners":null,"passwd":null,"passwd_valid_to":null,"port":null,"power_control":null,"share_policy":null,"socket":null,"wait":null,"web_socket":null}}],"hostdevs":null,"hubs":null,"inputs":null,"interfaces":[{"acpi":null,"address":null,"alias":null,"backend":null,"backend_domain":null,"bandwidth":null,"boot":null,"coalesce":null,"down_script":null,"driver":null,"filter_ref":null,"guest":null,"ip":null,"link":null,"mac":null,"managed":null,"model":{"type":"virtio"},"mtu":null,"port_forward":null,"port_options":null,"rom":null,"route":null,"script":null,"source":{"bridge":null,"client":null,"direct":null,"ethernet":null,"hostdev":null,"internal":null,"mcast":null,"network":{"bridge":null,"network":"LAN","port_group":null,"port_id":null},"null":null,"server":null,"udp":null,"user":null,"vdpa":null,"vds":null,"vhost_user":null},"target":null,"teaming":null,"trust_guest_rx_filters":null,"tune":null,"virtual_port":null,"vlan":null,"wait_for_ip":null}],"iomm_us":null,"iommu":null,"leases":null,"mem_balloon":null,"memorydevs":null,"nvram":null,"panics":null,"parallels":null,"pstore":null,"redir_devs":null,"redir_filters":null,"rngs":null,"serials":null,"shmems":null,"smartcards":null,"sounds":null,"tpms":null,"videos":[{"acpi":null,"address":null,"alias":null,"driver":null,"model":{"accel":null,"blob":null,"device":null,"edid":null,"heads":1,"primary":"yes","ram":null,"resolution":null,"type":"virtio","vga_mem":null,"vram":null,"vram64":null}}],"vsock":null,"watchdogs":null},"features":{"acpi":true,"aia":null,"apic":null,"async_teardown":null,"capabilities":null,"ccf_assist":null,"cfpc":null,"gic":null,"hap":null,"hpt":null,"htm":null,"hyper_v":null,"ibs":null,"ioapic":null,"kvm":null,"msrs":null,"nested_hv":null,"pae":null,"pmu":null,"priv_net":null,"ps2":null,"pv_spinlock":null,"ras":null,"sbbc":null,"smm":null,"tcg":null,"viridian":null,"virtualization":null,"vm_core_info":null,"vm_port":null,"xen":null},"gen_id":null,"hwuuid":null,"id":97,"id_map":null,"io_thread_i_ds":null,"io_threads":null,"iommufd":null,"key_wrap":null,"launch_security":null,"lxc_namespace":null,"maximum_memory":null,"maximum_memory_slots":null,"maximum_memory_unit":null,"memory":2048,"memory_backing":null,"memory_dump_core":null,"memory_tune":null,"memory_unit":"MiB","metadata":null,"name":"PERCDBTEST02","numa_tune":null,"on_crash":null,"on_poweroff":null,"on_reboot":null,"os":{"acpi":null,"bios":null,"boot_devices":null,"boot_menu":null,"cmdline":null,"dtb":null,"firmware":null,"firmware_info":null,"init":null,"init_args":null,"init_dir":null,"init_env":null,"init_group":null,"init_user":null,"initrd":null,"kernel":null,"loader":null,"loader_format":null,"loader_readonly":null,"loader_secure":null,"loader_stateless":null,"loader_type":null,"nv_ram":null,"shim":null,"sm_bios":null,"type":"hvm","type_arch":"x86_64","type_machine":"q35","var_store":null},"perf":null,"pm":null,"qemu_capabilities":null,"qemu_commandline":null,"qemu_deprecation":null,"qemu_override":null,"resource":null,"running":true,"sec_label":null,"sys_info":null,"throttle_groups":null,"title":null,"type":"kvm","update":null,"uuid":"43cb0f2a-7f60-4165-83a4-08f9c556badb","vcpu":2,"vcpu_cpuset":null,"vcpu_current":null,"vcpu_placement":null,"vcpus":null,"vmware_data_center_path":null,"xen_commandline":null},"sensitive_attributes":[],"dependencies":["libvirt_cloudinit_disk.commoninit","libvirt_volume.cloudinit_iso","libvirt_volume.vm_disk"]},{"index_key":"PERCDBTEST03","schema_version":0,"attributes":{"autostart":false,"bhyve_commandline":null,"block_io_tune":null,"bootloader":null,"bootloader_args":null,"clock":null,"cpu":{"cache":null,"check":null,"deprecated_features":null,"features":null,"match":null,"max_phys_addr":null,"migratable":null,"mode":"host-passthrough","model":null,"model_fallback":null,"model_vendor_id":null,"numa":null,"topology":null,"vendor":null},"cpu_tune":null,"create":null,"current_memory":null,"current_memory_unit":null,"default_io_thread":null,"description":null,"destroy":null,"devices":{"audios":null,"channels":null,"consoles":null,"controllers":null,"crypto":null,"disks":[{"acpi":null,"address":null,"alias":null,"auth":null,"backend_domain":null,"backing_store":null,"block_io":null,"boot":{"load_parm":null,"order":1},"device":"disk","driver":{"ats":null,"cache":null,"copy_on_read":null,"detect_zeros":null,"discard":null,"discard_no_unref":null,"error_policy":null,"event_idx":null,"io":null,"io_event_fd":null,"io_thread":null,"io_threads":null,"iommu":null,"metadata_cache":null,"name":"qemu","packed":null,"page_per_vq":null,"queue_size":null,"queues":null,"rerror_policy":null,"statistics":null,"type":"qcow2"},"encryption":null,"geometry":null,"io_tune":null,"mirror":null,"model":null,"product":null,"raw_io":null,"read_only":null,"serial":null,"sgio":null,"shareable":null,"snapshot":null,"source":{"block":null,"cookies":null,"ctl":null,"data_store":null,"dir":null,"encryption":null,"file":null,"index":null,"network":null,"nvme":null,"readahead":null,"reservations":null,"slices":null,"ssl":null,"startup_policy":null,"timeout":null,"vhost_user":null,"vhost_vdpa":null,"volume":{"mode":null,"pool":"Virtual_Machines","sec_label":null,"volume":"PERCDBTEST03-disk.qcow2"}},"target":{"bus":"virtio","dev":"vda","dpofua":null,"removable":null,"rotation_rate":null,"tray":null},"throttle_filters":null,"transient":null,"vendor":null,"wwn":null},{"acpi":null,"address":null,"alias":null,"auth":null,"backend_domain":null,"backing_store":null,"block_io":null,"boot":null,"device":"cdrom","driver":null,"encryption":null,"geometry":null,"io_tune":null,"mirror":null,"model":null,"product":null,"raw_io":null,"read_only":null,"serial":null,"sgio":null,"shareable":null,"snapshot":null,"source":{"block":null,"cookies":null,"ctl":null,"data_store":null,"dir":null,"encryption":null,"file":null,"index":null,"network":null,"nvme":null,"readahead":null,"reservations":null,"slices":null,"ssl":null,"startup_policy":null,"timeout":null,"vhost_user":null,"vhost_vdpa":null,"volume":{"mode":null,"pool":"Virtual_Machines","sec_label":null,"volume":"PERCDBTEST03-cloudinit.iso"}},"target":{"bus":"sata","dev":"sda","dpofua":null,"removable":null,"rotation_rate":null,"tray":null},"throttle_filters":null,"transient":null,"vendor":null,"wwn":null}],"emulator":null,"filesystems":null,"graphics":[{"audio":null,"dbus":null,"desktop":null,"egl_headless":null,"rdp":null,"sdl":null,"spice":null,"vnc":{"auto_port":null,"connected":null,"keymap":null,"listen":"127.0.0.1","listeners":null,"passwd":null,"passwd_valid_to":null,"port":null,"power_control":null,"share_policy":null,"socket":null,"wait":null,"web_socket":null}}],"hostdevs":null,"hubs":null,"inputs":null,"interfaces":[{"acpi":null,"address":null,"alias":null,"backend":null,"backend_domain":null,"bandwidth":null,"boot":null,"coalesce":null,"down_script":null,"driver":null,"filter_ref":null,"guest":null,"ip":null,"link":null,"mac":null,"managed":null,"model":{"type":"virtio"},"mtu":null,"port_forward":null,"port_options":null,"rom":null,"route":null,"script":null,"source":{"bridge":null,"client":null,"direct":null,"ethernet":null,"hostdev":null,"internal":null,"mcast":null,"network":{"bridge":null,"network":"LAN","port_group":null,"port_id":null},"null":null,"server":null,"udp":null,"user":null,"vdpa":null,"vds":null,"vhost_user":null},"target":null,"teaming":null,"trust_guest_rx_filters":null,"tune":null,"virtual_port":null,"vlan":null,"wait_for_ip":null}],"iomm_us":null,"iommu":null,"leases":null,"mem_balloon":null,"memorydevs":null,"nvram":null,"panics":null,"parallels":null,"pstore":null,"redir_devs":null,"redir_filters":null,"rngs":null,"serials":null,"shmems":null,"smartcards":null,"sounds":null,"tpms":null,"videos":[{"acpi":null,"address":null,"alias":null,"driver":null,"model":{"accel":null,"blob":null,"device":null,"edid":null,"heads":1,"primary":"yes","ram":null,"resolution":null,"type":"virtio","vga_mem":null,"vram":null,"vram64":null}}],"vsock":null,"watchdogs":null},"features":{"acpi":true,"aia":null,"apic":null,"async_teardown":null,"capabilities":null,"ccf_assist":null,"cfpc":null,"gic":null,"hap":null,"hpt":null,"htm":null,"hyper_v":null,"ibs":null,"ioapic":null,"kvm":null,"msrs":null,"nested_hv":null,"pae":null,"pmu":null,"priv_net":null,"ps2":null,"pv_spinlock":null,"ras":null,"sbbc":null,"smm":null,"tcg":null,"viridian":null,"virtualization":null,"vm_core_info":null,"vm_port":null,"xen":null},"gen_id":null,"hwuuid":null,"id":96,"id_map":null,"io_thread_i_ds":null,"io_threads":null,"iommufd":null,"key_wrap":null,"launch_security":null,"lxc_namespace":null,"maximum_memory":null,"maximum_memory_slots":null,"maximum_memory_unit":null,"memory":2048,"memory_backing":null,"memory_dump_core":null,"memory_tune":null,"memory_unit":"MiB","metadata":null,"name":"PERCDBTEST03","numa_tune":null,"on_crash":null,"on_poweroff":null,"on_reboot":null,"os":{"acpi":null,"bios":null,"boot_devices":null,"boot_menu":null,"cmdline":null,"dtb":null,"firmware":null,"firmware_info":null,"init":null,"init_args":null,"init_dir":null,"init_env":null,"init_group":null,"init_user":null,"initrd":null,"kernel":null,"loader":null,"loader_format":null,"loader_readonly":null,"loader_secure":null,"loader_stateless":null,"loader_type":null,"nv_ram":null,"shim":null,"sm_bios":null,"type":"hvm","type_arch":"x86_64","type_machine":"q35","var_store":null},"perf":null,"pm":null,"qemu_capabilities":null,"qemu_commandline":null,"qemu_deprecation":null,"qemu_override":null,"resource":null,"running":true,"sec_label":null,"sys_info":null,"throttle_groups":null,"title":null,"type":"kvm","update":null,"uuid":"7a26d7c4-a90c-436d-ac28-31792bd5f983","vcpu":2,"vcpu_cpuset":null,"vcpu_current":null,"vcpu_placement":null,"vcpus":null,"vmware_data_center_path":null,"xen_commandline":null},"sensitive_attributes":[],"dependencies":["libvirt_cloudinit_disk.commoninit","libvirt_volume.cloudinit_iso","libvirt_volume.vm_disk"]}]},{"mode":"managed","type":"libvirt_volume","name":"cloudinit_iso","provider":"provider[\"registry.opentofu.org/dmacvicar/libvirt\"]","instances":[{"index_key":"PERCDBTEST01","schema_version":0,"attributes":{"allocation":45056,"allocation_unit":null,"backing_store":null,"capacity":45056,"capacity_unit":null,"create":{"content":{"url":"/tmp/terraform-provider-libvirt-cloudinit/cloudinit-f312cd39dff800c7.iso"}},"id":"/home/gesora/virtual_machines/VMs/PERCDBTEST01-cloudinit.iso","key":"/home/gesora/virtual_machines/VMs/PERCDBTEST01-cloudinit.iso","name":"PERCDBTEST01-cloudinit.iso","path":"/home/gesora/virtual_machines/VMs/PERCDBTEST01-cloudinit.iso","physical":45056,"physical_unit":null,"pool":"Virtual_Machines","target":{"cluster_size":null,"cluster_size_unit":null,"compat":null,"encryption":null,"features":null,"format":null,"path":"/home/gesora/virtual_machines/VMs/PERCDBTEST01-cloudinit.iso","permissions":{"group":"1000","label":null,"mode":"0644","owner":"1000"},"timestamps":null},"type":null},"sensitive_attributes":[],"dependencies":["libvirt_cloudinit_disk.commoninit"]},{"index_key":"PERCDBTEST02","schema_version":0,"attributes":{"allocation":45056,"allocation_unit":null,"backing_store":null,"capacity":45056,"capacity_unit":null,"create":{"content":{"url":"/tmp/terraform-provider-libvirt-cloudinit/cloudinit-20e862b666d9cf8e.iso"}},"id":"/home/gesora/virtual_machines/VMs/PERCDBTEST02-cloudinit.iso","key":"/home/gesora/virtual_machines/VMs/PERCDBTEST02-cloudinit.iso","name":"PERCDBTEST02-cloudinit.iso","path":"/home/gesora/virtual_machines/VMs/PERCDBTEST02-cloudinit.iso","physical":45056,"physical_unit":null,"pool":"Virtual_Machines","target":{"cluster_size":null,"cluster_size_unit":null,"compat":null,"encryption":null,"features":null,"format":null,"path":"/home/gesora/virtual_machines/VMs/PERCDBTEST02-cloudinit.iso","permissions":{"group":"1000","label":null,"mode":"0644","owner":"1000"},"timestamps":null},"type":null},"sensitive_attributes":[],"dependencies":["libvirt_cloudinit_disk.commoninit"]},{"index_key":"PERCDBTEST03","schema_version":0,"attributes":{"allocation":45056,"allocation_unit":null,"backing_store":null,"capacity":45056,"capacity_unit":null,"create":{"content":{"url":"/tmp/terraform-provider-libvirt-cloudinit/cloudinit-ba0580e273b19ce6.iso"}},"id":"/home/gesora/virtual_machines/VMs/PERCDBTEST03-cloudinit.iso","key":"/home/gesora/virtual_machines/VMs/PERCDBTEST03-cloudinit.iso","name":"PERCDBTEST03-cloudinit.iso","path":"/home/gesora/virtual_machines/VMs/PERCDBTEST03-cloudinit.iso","physical":45056,"physical_unit":null,"pool":"Virtual_Machines","target":{"cluster_size":null,"cluster_size_unit":null,"compat":null,"encryption":null,"features":null,"format":null,"path":"/home/gesora/virtual_machines/VMs/PERCDBTEST03-cloudinit.iso","permissions":{"group":"1000","label":null,"mode":"0644","owner":"1000"},"timestamps":null},"type":null},"sensitive_attributes":[],"dependencies":["libvirt_cloudinit_disk.commoninit"]}]},{"mode":"managed","type":"libvirt_volume","name":"vm_disk","provider":"provider[\"registry.opentofu.org/dmacvicar/libvirt\"]","instances":[{"index_key":"PERCDBTEST01","schema_version":0,"attributes":{"allocation":589504512,"allocation_unit":null,"backing_store":null,"capacity":10737418240,"capacity_unit":null,"create":{"content":{"url":"file:///home/gesora/Templates/al9-golden-build.qcow2"}},"id":"/home/gesora/virtual_machines/VMs/PERCDBTEST01-disk.qcow2","key":"/home/gesora/virtual_machines/VMs/PERCDBTEST01-disk.qcow2","name":"PERCDBTEST01-disk.qcow2","path":"/home/gesora/virtual_machines/VMs/PERCDBTEST01-disk.qcow2","physical":589299712,"physical_unit":null,"pool":"Virtual_Machines","target":{"cluster_size":null,"cluster_size_unit":null,"compat":null,"encryption":null,"features":null,"format":{"type":"qcow2"},"path":"/home/gesora/virtual_machines/VMs/PERCDBTEST01-disk.qcow2","permissions":{"group":"1000","label":null,"mode":"0644","owner":"1000"},"timestamps":null},"type":null},"sensitive_attributes":[]},{"index_key":"PERCDBTEST02","schema_version":0,"attributes":{"allocation":589504512,"allocation_unit":null,"backing_store":null,"capacity":10737418240,"capacity_unit":null,"create":{"content":{"url":"file:///home/gesora/Templates/al9-golden-build.qcow2"}},"id":"/home/gesora/virtual_machines/VMs/PERCDBTEST02-disk.qcow2","key":"/home/gesora/virtual_machines/VMs/PERCDBTEST02-disk.qcow2","name":"PERCDBTEST02-disk.qcow2","path":"/home/gesora/virtual_machines/VMs/PERCDBTEST02-disk.qcow2","physical":589299712,"physical_unit":null,"pool":"Virtual_Machines","target":{"cluster_size":null,"cluster_size_unit":null,"compat":null,"encryption":null,"features":null,"format":{"type":"qcow2"},"path":"/home/gesora/virtual_machines/VMs/PERCDBTEST02-disk.qcow2","permissions":{"group":"1000","label":null,"mode":"0644","owner":"1000"},"timestamps":null},"type":null},"sensitive_attributes":[]},{"index_key":"PERCDBTEST03","schema_version":0,"attributes":{"allocation":589504512,"allocation_unit":null,"backing_store":null,"capacity":10737418240,"capacity_unit":null,"create":{"content":{"url":"file:///home/gesora/Templates/al9-golden-build.qcow2"}},"id":"/home/gesora/virtual_machines/VMs/PERCDBTEST03-disk.qcow2","key":"/home/gesora/virtual_machines/VMs/PERCDBTEST03-disk.qcow2","name":"PERCDBTEST03-disk.qcow2","path":"/home/gesora/virtual_machines/VMs/PERCDBTEST03-disk.qcow2","physical":589299712,"physical_unit":null,"pool":"Virtual_Machines","target":{"cluster_size":null,"cluster_size_unit":null,"compat":null,"encryption":null,"features":null,"format":{"type":"qcow2"},"path":"/home/gesora/virtual_machines/VMs/PERCDBTEST03-disk.qcow2","permissions":{"group":"1000","label":null,"mode":"0644","owner":"1000"},"timestamps":null},"type":null},"sensitive_attributes":[]}]}],"check_results":null}
