{
  "version": 4,
  "terraform_version": "1.12.6",
  "serial": 6,
  "lineage": "6f95ad46-b9f0-e64d-4262-0e6adb015864",
  "outputs": {},
  "resources": [
    {
      "mode": "managed",
      "type": "libvirt_cloudinit_disk",
      "name": "commoninit",
      "provider": "provider[\"registry.opentofu.org/dmacvicar/libvirt\"]",
      "instances": [
        {
          "index_key": "PERCDBTEST01",
          "schema_version": 0,
          "attributes": {
            "id": "e27ba723fc480c59",
            "meta_data": "\"instance-id\": \"PERCDBTEST01\"\n\"local-hostname\": \"PERCDBTEST01\"\n",
            "name": "PERCDBTEST01-cloudinit",
            "network_config": "version: 2\nethernets:\n  ens3:\n    dhcp4: false\n    addresses:\n      - 10.20.10.10/24\n",
            "path": "/tmp/terraform-provider-libvirt-cloudinit/cloudinit-e27ba723fc480c59.iso",
            "size": 45056,
            "user_data": "#cloud-config\n\nhostname: PERCDBTEST01\nmanage_etc_hosts: true\n\nusers:\n  - default\n  - name: myuser\n    groups:\n      - sudo\n    sudo: ALL=(ALL) NOPASSWD:ALL\n    shell: /bin/bash\n    ssh_authorized_keys:\n      - ssh-ed25519 AAAAC3NzaC1lZDI1NTE5AAAAIEgInN0JnG0h1EtCcT/1cC+8mpQw6d1dpVku/f4pPP1K gesora@odin\n\nssh_pwauth: false\n"
          },
          "sensitive_attributes": []
        },
        {
          "index_key": "PERCDBTEST02",
          "schema_version": 0,
          "attributes": {
            "id": "9653ace6a26a5bc1",
            "meta_data": "\"instance-id\": \"PERCDBTEST02\"\n\"local-hostname\": \"PERCDBTEST02\"\n",
            "name": "PERCDBTEST02-cloudinit",
            "network_config": "version: 2\nethernets:\n  ens3:\n    dhcp4: false\n    addresses:\n      - 10.20.10.11/24\n",
            "path": "/tmp/terraform-provider-libvirt-cloudinit/cloudinit-9653ace6a26a5bc1.iso",
            "size": 45056,
            "user_data": "#cloud-config\n\nhostname: PERCDBTEST02\nmanage_etc_hosts: true\n\nusers:\n  - default\n  - name: myuser\n    groups:\n      - sudo\n    sudo: ALL=(ALL) NOPASSWD:ALL\n    shell: /bin/bash\n    ssh_authorized_keys:\n      - ssh-ed25519 AAAAC3NzaC1lZDI1NTE5AAAAIEgInN0JnG0h1EtCcT/1cC+8mpQw6d1dpVku/f4pPP1K gesora@odin\n\nssh_pwauth: false\n"
          },
          "sensitive_attributes": []
        },
        {
          "index_key": "PERCDBTEST03",
          "schema_version": 0,
          "attributes": {
            "id": "ad1208ae857d13d0",
            "meta_data": "\"instance-id\": \"PERCDBTEST03\"\n\"local-hostname\": \"PERCDBTEST03\"\n",
            "name": "PERCDBTEST03-cloudinit",
            "network_config": "version: 2\nethernets:\n  ens3:\n    dhcp4: false\n    addresses:\n      - 10.20.10.12/24\n",
            "path": "/tmp/terraform-provider-libvirt-cloudinit/cloudinit-ad1208ae857d13d0.iso",
            "size": 45056,
            "user_data": "#cloud-config\n\nhostname: PERCDBTEST03\nmanage_etc_hosts: true\n\nusers:\n  - default\n  - name: myuser\n    groups:\n      - sudo\n    sudo: ALL=(ALL) NOPASSWD:ALL\n    shell: /bin/bash\n    ssh_authorized_keys:\n      - ssh-ed25519 AAAAC3NzaC1lZDI1NTE5AAAAIEgInN0JnG0h1EtCcT/1cC+8mpQw6d1dpVku/f4pPP1K gesora@odin\n\nssh_pwauth: false\n"
          },
          "sensitive_attributes": []
        }
      ]
    },
    {
      "mode": "managed",
      "type": "libvirt_volume",
      "name": "cloudinit_iso",
      "provider": "provider[\"registry.opentofu.org/dmacvicar/libvirt\"]",
      "instances": [
        {
          "index_key": "PERCDBTEST01",
          "schema_version": 0,
          "attributes": {
            "allocation": 45056,
            "allocation_unit": null,
            "backing_store": null,
            "capacity": 45056,
            "capacity_unit": null,
            "create": {
              "content": {
                "url": "/tmp/terraform-provider-libvirt-cloudinit/cloudinit-e27ba723fc480c59.iso"
              }
            },
            "id": "/srv/vms/templates/PERCDBTEST01-cloudinit.iso",
            "key": "/srv/vms/templates/PERCDBTEST01-cloudinit.iso",
            "name": "PERCDBTEST01-cloudinit.iso",
            "path": "/srv/vms/templates/PERCDBTEST01-cloudinit.iso",
            "physical": 45056,
            "physical_unit": null,
            "pool": "vms-templates",
            "target": {
              "cluster_size": null,
              "cluster_size_unit": null,
              "compat": null,
              "encryption": null,
              "features": null,
              "format": {
                "type": "raw"
              },
              "path": "/srv/vms/templates/PERCDBTEST01-cloudinit.iso",
              "permissions": null,
              "timestamps": null
            },
            "type": null
          },
          "sensitive_attributes": [],
          "dependencies": [
            "libvirt_cloudinit_disk.commoninit"
          ]
        },
        {
          "index_key": "PERCDBTEST02",
          "schema_version": 0,
          "attributes": {
            "allocation": 45056,
            "allocation_unit": null,
            "backing_store": null,
            "capacity": 45056,
            "capacity_unit": null,
            "create": {
              "content": {
                "url": "/tmp/terraform-provider-libvirt-cloudinit/cloudinit-9653ace6a26a5bc1.iso"
              }
            },
            "id": "/srv/vms/templates/PERCDBTEST02-cloudinit.iso",
            "key": "/srv/vms/templates/PERCDBTEST02-cloudinit.iso",
            "name": "PERCDBTEST02-cloudinit.iso",
            "path": "/srv/vms/templates/PERCDBTEST02-cloudinit.iso",
            "physical": 45056,
            "physical_unit": null,
            "pool": "vms-templates",
            "target": {
              "cluster_size": null,
              "cluster_size_unit": null,
              "compat": null,
              "encryption": null,
              "features": null,
              "format": {
                "type": "iso"
              },
              "path": "/srv/vms/templates/PERCDBTEST02-cloudinit.iso",
              "permissions": null,
              "timestamps": null
            },
            "type": null
          },
          "sensitive_attributes": [],
          "dependencies": [
            "libvirt_cloudinit_disk.commoninit"
          ]
        },
        {
          "index_key": "PERCDBTEST03",
          "schema_version": 0,
          "attributes": {
            "allocation": 45056,
            "allocation_unit": null,
            "backing_store": null,
            "capacity": 45056,
            "capacity_unit": null,
            "create": {
              "content": {
                "url": "/tmp/terraform-provider-libvirt-cloudinit/cloudinit-ad1208ae857d13d0.iso"
              }
            },
            "id": "/srv/vms/templates/PERCDBTEST03-cloudinit.iso",
            "key": "/srv/vms/templates/PERCDBTEST03-cloudinit.iso",
            "name": "PERCDBTEST03-cloudinit.iso",
            "path": "/srv/vms/templates/PERCDBTEST03-cloudinit.iso",
            "physical": 45056,
            "physical_unit": null,
            "pool": "vms-templates",
            "target": {
              "cluster_size": null,
              "cluster_size_unit": null,
              "compat": null,
              "encryption": null,
              "features": null,
              "format": {
                "type": "iso"
              },
              "path": "/srv/vms/templates/PERCDBTEST03-cloudinit.iso",
              "permissions": null,
              "timestamps": null
            },
            "type": null
          },
          "sensitive_attributes": [],
          "dependencies": [
            "libvirt_cloudinit_disk.commoninit"
          ]
        }
      ]
    }
  ],
  "check_results": null
}

